// !$*UTF8*$!
{
	archiveVersion = 1;
	classes = {
	};
	objectVersion = 46;
	objects = {

/* Begin PBXBuildFile section */
		7CAB85430116E8426F5888FF /* libPods-FreeGemasMac.a in Frameworks */ = {isa = PBXBuildFile; fileRef = D059DD0E24478DB8D465277F /* libPods-FreeGemasMac.a */; };
		D495F6E81B5CFEC800632CBB /* Animation.cpp in Sources */ = {isa = PBXBuildFile; fileRef = D495F6D21B5CFEC800632CBB /* Animation.cpp */; };
		D495F6E91B5CFEC800632CBB /* BaseButton.cpp in Sources */ = {isa = PBXBuildFile; fileRef = D495F6D31B5CFEC800632CBB /* BaseButton.cpp */; };
		D495F6EA1B5CFEC800632CBB /* Board.cpp in Sources */ = {isa = PBXBuildFile; fileRef = D495F6D41B5CFEC800632CBB /* Board.cpp */; };
		D495F6EB1B5CFEC800632CBB /* Equations.cpp in Sources */ = {isa = PBXBuildFile; fileRef = D495F6D51B5CFEC800632CBB /* Equations.cpp */; };
		D495F6EC1B5CFEC800632CBB /* Game.cpp in Sources */ = {isa = PBXBuildFile; fileRef = D495F6D61B5CFEC800632CBB /* Game.cpp */; };
		D495F6ED1B5CFEC800632CBB /* GameBoard.cpp in Sources */ = {isa = PBXBuildFile; fileRef = D495F6D71B5CFEC800632CBB /* GameBoard.cpp */; };
		D495F6EE1B5CFEC800632CBB /* GameBoardSounds.cpp in Sources */ = {isa = PBXBuildFile; fileRef = D495F6D81B5CFEC800632CBB /* GameBoardSounds.cpp */; };
		D495F6EF1B5CFEC800632CBB /* GameHint.cpp in Sources */ = {isa = PBXBuildFile; fileRef = D495F6D91B5CFEC800632CBB /* GameHint.cpp */; };
		D495F6F01B5CFEC800632CBB /* GameIndicators.cpp in Sources */ = {isa = PBXBuildFile; fileRef = D495F6DA1B5CFEC800632CBB /* GameIndicators.cpp */; };
		D495F6F61B5CFEC800632CBB /* log.cpp in Sources */ = {isa = PBXBuildFile; fileRef = D495F6E01B5CFEC800632CBB /* log.cpp */; };
		D495F6F81B5CFEC800632CBB /* ScoreTable.cpp in Sources */ = {isa = PBXBuildFile; fileRef = D495F6E21B5CFEC800632CBB /* ScoreTable.cpp */; };
		D495F6F91B5CFEC800632CBB /* State.cpp in Sources */ = {isa = PBXBuildFile; fileRef = D495F6E31B5CFEC800632CBB /* State.cpp */; };
		D495F6FA1B5CFEC800632CBB /* StateGame.cpp in Sources */ = {isa = PBXBuildFile; fileRef = D495F6E41B5CFEC800632CBB /* StateGame.cpp */; };
		D495F6FB1B5CFEC800632CBB /* StateHowtoplay.cpp in Sources */ = {isa = PBXBuildFile; fileRef = D495F6E51B5CFEC800632CBB /* StateHowtoplay.cpp */; };
		D495F6FC1B5CFEC800632CBB /* StateMainMenu.cpp in Sources */ = {isa = PBXBuildFile; fileRef = D495F6E61B5CFEC800632CBB /* StateMainMenu.cpp */; };
		D495F7451B5D1B5F00632CBB /* inter.cpp in Sources */ = {isa = PBXBuildFile; fileRef = D495F7441B5D1B5F00632CBB /* inter.cpp */; };
		D495F7471B5D2B5B00632CBB /* media in Resources */ = {isa = PBXBuildFile; fileRef = D495F7461B5D2B5B00632CBB /* media */; };
		D495F7721B5D6B1900632CBB /* Animation.cpp in Sources */ = {isa = PBXBuildFile; fileRef = D495F6D21B5CFEC800632CBB /* Animation.cpp */; };
		D495F7731B5D6B1900632CBB /* BaseButton.cpp in Sources */ = {isa = PBXBuildFile; fileRef = D495F6D31B5CFEC800632CBB /* BaseButton.cpp */; };
		D495F7741B5D6B1900632CBB /* Board.cpp in Sources */ = {isa = PBXBuildFile; fileRef = D495F6D41B5CFEC800632CBB /* Board.cpp */; };
		D495F7751B5D6B1900632CBB /* Equations.cpp in Sources */ = {isa = PBXBuildFile; fileRef = D495F6D51B5CFEC800632CBB /* Equations.cpp */; };
		D495F7761B5D6B1900632CBB /* Game.cpp in Sources */ = {isa = PBXBuildFile; fileRef = D495F6D61B5CFEC800632CBB /* Game.cpp */; };
		D495F7771B5D6B1900632CBB /* GameBoard.cpp in Sources */ = {isa = PBXBuildFile; fileRef = D495F6D71B5CFEC800632CBB /* GameBoard.cpp */; };
		D495F7781B5D6B1900632CBB /* GameBoardSounds.cpp in Sources */ = {isa = PBXBuildFile; fileRef = D495F6D81B5CFEC800632CBB /* GameBoardSounds.cpp */; };
		D495F7791B5D6B1900632CBB /* GameHint.cpp in Sources */ = {isa = PBXBuildFile; fileRef = D495F6D91B5CFEC800632CBB /* GameHint.cpp */; };
		D495F77A1B5D6B1900632CBB /* GameIndicators.cpp in Sources */ = {isa = PBXBuildFile; fileRef = D495F6DA1B5CFEC800632CBB /* GameIndicators.cpp */; };
		D495F77B1B5D6B1900632CBB /* log.cpp in Sources */ = {isa = PBXBuildFile; fileRef = D495F6E01B5CFEC800632CBB /* log.cpp */; };
		D495F77D1B5D6B1900632CBB /* ScoreTable.cpp in Sources */ = {isa = PBXBuildFile; fileRef = D495F6E21B5CFEC800632CBB /* ScoreTable.cpp */; };
		D495F77E1B5D6B1900632CBB /* State.cpp in Sources */ = {isa = PBXBuildFile; fileRef = D495F6E31B5CFEC800632CBB /* State.cpp */; };
		D495F77F1B5D6B1900632CBB /* StateGame.cpp in Sources */ = {isa = PBXBuildFile; fileRef = D495F6E41B5CFEC800632CBB /* StateGame.cpp */; };
		D495F7801B5D6B1900632CBB /* StateHowtoplay.cpp in Sources */ = {isa = PBXBuildFile; fileRef = D495F6E51B5CFEC800632CBB /* StateHowtoplay.cpp */; };
		D495F7811B5D6B1900632CBB /* StateMainMenu.cpp in Sources */ = {isa = PBXBuildFile; fileRef = D495F6E61B5CFEC800632CBB /* StateMainMenu.cpp */; };
		D495F7821B5D6B1900632CBB /* inter.cpp in Sources */ = {isa = PBXBuildFile; fileRef = D495F7441B5D1B5F00632CBB /* inter.cpp */; };
		D495F7831B5D6B1D00632CBB /* media in Resources */ = {isa = PBXBuildFile; fileRef = D495F7461B5D2B5B00632CBB /* media */; };
		D495F7841B5D6B5E00632CBB /* main.cpp in Sources */ = {isa = PBXBuildFile; fileRef = D495F6E11B5CFEC800632CBB /* main.cpp */; };
		D495F7851B5D6DBE00632CBB /* main.cpp in Sources */ = {isa = PBXBuildFile; fileRef = D495F6E11B5CFEC800632CBB /* main.cpp */; };
		D4EA45E61F005212009B13D0 /* Images.xcassets in Resources */ = {isa = PBXBuildFile; fileRef = D4EA45E51F005212009B13D0 /* Images.xcassets */; };
		EDA2E701F4836B95762D35CC /* libPods-FreeGemas.a in Frameworks */ = {isa = PBXBuildFile; fileRef = FC437FCD03E6DBE0C7726E31 /* libPods-FreeGemas.a */; };
/* End PBXBuildFile section */

/* Begin PBXFileReference section */
		0B35A1F31E7D3BE6A0E7F2A6 /* Pods-FreeGemas.release.xcconfig */ = {isa = PBXFileReference; includeInIndex = 1; lastKnownFileType = text.xcconfig; name = "Pods-FreeGemas.release.xcconfig"; path = "Pods/Target Support Files/Pods-FreeGemas/Pods-FreeGemas.release.xcconfig"; sourceTree = "<group>"; };
		374C5333DB36E207A0E11D18 /* Pods-FreeGemas.debug.xcconfig */ = {isa = PBXFileReference; includeInIndex = 1; lastKnownFileType = text.xcconfig; name = "Pods-FreeGemas.debug.xcconfig"; path = "Pods/Target Support Files/Pods-FreeGemas/Pods-FreeGemas.debug.xcconfig"; sourceTree = "<group>"; };
		79749DA607A16994E37571A3 /* Pods-FreeGemasMac.debug.xcconfig */ = {isa = PBXFileReference; includeInIndex = 1; lastKnownFileType = text.xcconfig; name = "Pods-FreeGemasMac.debug.xcconfig"; path = "Pods/Target Support Files/Pods-FreeGemasMac/Pods-FreeGemasMac.debug.xcconfig"; sourceTree = "<group>"; };
		91F9C3DC86CD6179270B3B5C /* libPods-MobileFreeGemas.a */ = {isa = PBXFileReference; explicitFileType = archive.ar; includeInIndex = 0; path = "libPods-MobileFreeGemas.a"; sourceTree = BUILT_PRODUCTS_DIR; };
		D059DD0E24478DB8D465277F /* libPods-FreeGemasMac.a */ = {isa = PBXFileReference; explicitFileType = archive.ar; includeInIndex = 0; path = "libPods-FreeGemasMac.a"; sourceTree = BUILT_PRODUCTS_DIR; };
		D495F6431B5CFE2A00632CBB /* FreeGemasMac.app */ = {isa = PBXFileReference; explicitFileType = wrapper.application; includeInIndex = 0; path = FreeGemasMac.app; sourceTree = BUILT_PRODUCTS_DIR; };
		D495F6471B5CFE2A00632CBB /* Info.plist */ = {isa = PBXFileReference; lastKnownFileType = text.plist.xml; path = Info.plist; sourceTree = "<group>"; };
		D495F6B31B5CFEC800632CBB /* Animation.h */ = {isa = PBXFileReference; fileEncoding = 4; lastKnownFileType = sourcecode.c.h; path = Animation.h; sourceTree = "<group>"; };
		D495F6B41B5CFEC800632CBB /* BaseButton.h */ = {isa = PBXFileReference; fileEncoding = 4; lastKnownFileType = sourcecode.c.h; path = BaseButton.h; sourceTree = "<group>"; };
		D495F6B51B5CFEC800632CBB /* Board.h */ = {isa = PBXFileReference; fileEncoding = 4; lastKnownFileType = sourcecode.c.h; path = Board.h; sourceTree = "<group>"; };
		D495F6B61B5CFEC800632CBB /* Coord.h */ = {isa = PBXFileReference; fileEncoding = 4; lastKnownFileType = sourcecode.c.h; path = Coord.h; sourceTree = "<group>"; };
		D495F6B71B5CFEC800632CBB /* FloatingScore.h */ = {isa = PBXFileReference; fileEncoding = 4; lastKnownFileType = sourcecode.c.h; path = FloatingScore.h; sourceTree = "<group>"; };
		D495F6B81B5CFEC800632CBB /* Game.h */ = {isa = PBXFileReference; fileEncoding = 4; lastKnownFileType = sourcecode.c.h; path = Game.h; sourceTree = "<group>"; };
		D495F6B91B5CFEC800632CBB /* GameBoard.h */ = {isa = PBXFileReference; fileEncoding = 4; lastKnownFileType = sourcecode.c.h; path = GameBoard.h; sourceTree = "<group>"; };
		D495F6BA1B5CFEC800632CBB /* GameBoardSounds.h */ = {isa = PBXFileReference; fileEncoding = 4; lastKnownFileType = sourcecode.c.h; path = GameBoardSounds.h; sourceTree = "<group>"; };
		D495F6BB1B5CFEC800632CBB /* GameHint.h */ = {isa = PBXFileReference; fileEncoding = 4; lastKnownFileType = sourcecode.c.h; path = GameHint.h; sourceTree = "<group>"; };
		D495F6BC1B5CFEC800632CBB /* GameIndicators.h */ = {isa = PBXFileReference; fileEncoding = 4; lastKnownFileType = sourcecode.c.h; path = GameIndicators.h; sourceTree = "<group>"; };
		D495F6C31B5CFEC800632CBB /* inter.h */ = {isa = PBXFileReference; fileEncoding = 4; lastKnownFileType = sourcecode.c.h; path = inter.h; sourceTree = "<group>"; };
		D495F6C41B5CFEC800632CBB /* JewelGroupAnim.h */ = {isa = PBXFileReference; fileEncoding = 4; lastKnownFileType = sourcecode.c.h; path = JewelGroupAnim.h; sourceTree = "<group>"; };
		D495F6C51B5CFEC800632CBB /* log.h */ = {isa = PBXFileReference; fileEncoding = 4; lastKnownFileType = sourcecode.c.h; path = log.h; sourceTree = "<group>"; };
		D495F6C61B5CFEC800632CBB /* Match.h */ = {isa = PBXFileReference; fileEncoding = 4; lastKnownFileType = sourcecode.c.h; path = Match.h; sourceTree = "<group>"; };
		D495F6C71B5CFEC800632CBB /* MultipleMatch.h */ = {isa = PBXFileReference; fileEncoding = 4; lastKnownFileType = sourcecode.c.h; path = MultipleMatch.h; sourceTree = "<group>"; };
		D495F6C81B5CFEC800632CBB /* ParticleSystem.h */ = {isa = PBXFileReference; fileEncoding = 4; lastKnownFileType = sourcecode.c.h; path = ParticleSystem.h; sourceTree = "<group>"; };
		D495F6CA1B5CFEC800632CBB /* ScoreTable.h */ = {isa = PBXFileReference; fileEncoding = 4; lastKnownFileType = sourcecode.c.h; path = ScoreTable.h; sourceTree = "<group>"; };
		D495F6CB1B5CFEC800632CBB /* Square.h */ = {isa = PBXFileReference; fileEncoding = 4; lastKnownFileType = sourcecode.c.h; path = Square.h; sourceTree = "<group>"; };
		D495F6CC1B5CFEC800632CBB /* State.h */ = {isa = PBXFileReference; fileEncoding = 4; lastKnownFileType = sourcecode.c.h; path = State.h; sourceTree = "<group>"; };
		D495F6CD1B5CFEC800632CBB /* StateGame.h */ = {isa = PBXFileReference; fileEncoding = 4; lastKnownFileType = sourcecode.c.h; path = StateGame.h; sourceTree = "<group>"; };
		D495F6CE1B5CFEC800632CBB /* StateHowToPlay.h */ = {isa = PBXFileReference; fileEncoding = 4; lastKnownFileType = sourcecode.c.h; path = StateHowToPlay.h; sourceTree = "<group>"; };
		D495F6CF1B5CFEC800632CBB /* StateMainMenu.h */ = {isa = PBXFileReference; fileEncoding = 4; lastKnownFileType = sourcecode.c.h; path = StateMainMenu.h; sourceTree = "<group>"; };
		D495F6D21B5CFEC800632CBB /* Animation.cpp */ = {isa = PBXFileReference; fileEncoding = 4; lastKnownFileType = sourcecode.cpp.cpp; path = Animation.cpp; sourceTree = "<group>"; };
		D495F6D31B5CFEC800632CBB /* BaseButton.cpp */ = {isa = PBXFileReference; fileEncoding = 4; lastKnownFileType = sourcecode.cpp.cpp; path = BaseButton.cpp; sourceTree = "<group>"; };
		D495F6D41B5CFEC800632CBB /* Board.cpp */ = {isa = PBXFileReference; fileEncoding = 4; lastKnownFileType = sourcecode.cpp.cpp; path = Board.cpp; sourceTree = "<group>"; };
		D495F6D51B5CFEC800632CBB /* Equations.cpp */ = {isa = PBXFileReference; fileEncoding = 4; lastKnownFileType = sourcecode.cpp.cpp; path = Equations.cpp; sourceTree = "<group>"; };
		D495F6D61B5CFEC800632CBB /* Game.cpp */ = {isa = PBXFileReference; fileEncoding = 4; lastKnownFileType = sourcecode.cpp.cpp; path = Game.cpp; sourceTree = "<group>"; };
		D495F6D71B5CFEC800632CBB /* GameBoard.cpp */ = {isa = PBXFileReference; fileEncoding = 4; lastKnownFileType = sourcecode.cpp.cpp; path = GameBoard.cpp; sourceTree = "<group>"; };
		D495F6D81B5CFEC800632CBB /* GameBoardSounds.cpp */ = {isa = PBXFileReference; fileEncoding = 4; lastKnownFileType = sourcecode.cpp.cpp; path = GameBoardSounds.cpp; sourceTree = "<group>"; };
		D495F6D91B5CFEC800632CBB /* GameHint.cpp */ = {isa = PBXFileReference; fileEncoding = 4; lastKnownFileType = sourcecode.cpp.cpp; path = GameHint.cpp; sourceTree = "<group>"; };
		D495F6DA1B5CFEC800632CBB /* GameIndicators.cpp */ = {isa = PBXFileReference; fileEncoding = 4; lastKnownFileType = sourcecode.cpp.cpp; path = GameIndicators.cpp; sourceTree = "<group>"; };
		D495F6E01B5CFEC800632CBB /* log.cpp */ = {isa = PBXFileReference; fileEncoding = 4; lastKnownFileType = sourcecode.cpp.cpp; path = log.cpp; sourceTree = "<group>"; };
		D495F6E11B5CFEC800632CBB /* main.cpp */ = {isa = PBXFileReference; fileEncoding = 4; lastKnownFileType = sourcecode.cpp.cpp; path = main.cpp; sourceTree = "<group>"; };
		D495F6E21B5CFEC800632CBB /* ScoreTable.cpp */ = {isa = PBXFileReference; fileEncoding = 4; lastKnownFileType = sourcecode.cpp.cpp; path = ScoreTable.cpp; sourceTree = "<group>"; };
		D495F6E31B5CFEC800632CBB /* State.cpp */ = {isa = PBXFileReference; fileEncoding = 4; lastKnownFileType = sourcecode.cpp.cpp; path = State.cpp; sourceTree = "<group>"; };
		D495F6E41B5CFEC800632CBB /* StateGame.cpp */ = {isa = PBXFileReference; fileEncoding = 4; lastKnownFileType = sourcecode.cpp.cpp; path = StateGame.cpp; sourceTree = "<group>"; };
		D495F6E51B5CFEC800632CBB /* StateHowtoplay.cpp */ = {isa = PBXFileReference; fileEncoding = 4; lastKnownFileType = sourcecode.cpp.cpp; path = StateHowtoplay.cpp; sourceTree = "<group>"; };
		D495F6E61B5CFEC800632CBB /* StateMainMenu.cpp */ = {isa = PBXFileReference; fileEncoding = 4; lastKnownFileType = sourcecode.cpp.cpp; path = StateMainMenu.cpp; sourceTree = "<group>"; };
		D495F7441B5D1B5F00632CBB /* inter.cpp */ = {isa = PBXFileReference; fileEncoding = 4; lastKnownFileType = sourcecode.cpp.cpp; path = inter.cpp; sourceTree = "<group>"; };
		D495F7461B5D2B5B00632CBB /* media */ = {isa = PBXFileReference; lastKnownFileType = folder; name = media; path = ../../media; sourceTree = "<group>"; };
		D495F74C1B5D6B0900632CBB /* FreeGemas.app */ = {isa = PBXFileReference; explicitFileType = wrapper.application; includeInIndex = 0; path = FreeGemas.app; sourceTree = BUILT_PRODUCTS_DIR; };
		D4EA45E31F0051F0009B13D0 /* Info.plist */ = {isa = PBXFileReference; fileEncoding = 4; lastKnownFileType = text.plist.xml; name = Info.plist; path = FreeGemasMac/Info.plist; sourceTree = SOURCE_ROOT; };
		D4EA45E51F005212009B13D0 /* Images.xcassets */ = {isa = PBXFileReference; lastKnownFileType = folder.assetcatalog; path = Images.xcassets; sourceTree = "<group>"; };
		DA19A242D0D2149F43327B3D /* Pods-FreeGemasMac.release.xcconfig */ = {isa = PBXFileReference; includeInIndex = 1; lastKnownFileType = text.xcconfig; name = "Pods-FreeGemasMac.release.xcconfig"; path = "Pods/Target Support Files/Pods-FreeGemasMac/Pods-FreeGemasMac.release.xcconfig"; sourceTree = "<group>"; };
		FC437FCD03E6DBE0C7726E31 /* libPods-FreeGemas.a */ = {isa = PBXFileReference; explicitFileType = archive.ar; includeInIndex = 0; path = "libPods-FreeGemas.a"; sourceTree = BUILT_PRODUCTS_DIR; };
/* End PBXFileReference section */

/* Begin PBXFrameworksBuildPhase section */
		D495F6401B5CFE2A00632CBB /* Frameworks */ = {
			isa = PBXFrameworksBuildPhase;
			buildActionMask = 2147483647;
			files = (
				7CAB85430116E8426F5888FF /* libPods-FreeGemasMac.a in Frameworks */,
			);
			runOnlyForDeploymentPostprocessing = 0;
		};
		D495F7491B5D6B0900632CBB /* Frameworks */ = {
			isa = PBXFrameworksBuildPhase;
			buildActionMask = 2147483647;
			files = (
				EDA2E701F4836B95762D35CC /* libPods-FreeGemas.a in Frameworks */,
			);
			runOnlyForDeploymentPostprocessing = 0;
		};
/* End PBXFrameworksBuildPhase section */

/* Begin PBXGroup section */
		196C4CD388C50A47688B3009 /* Pods */ = {
			isa = PBXGroup;
			children = (
				374C5333DB36E207A0E11D18 /* Pods-FreeGemas.debug.xcconfig */,
				0B35A1F31E7D3BE6A0E7F2A6 /* Pods-FreeGemas.release.xcconfig */,
				79749DA607A16994E37571A3 /* Pods-FreeGemasMac.debug.xcconfig */,
				DA19A242D0D2149F43327B3D /* Pods-FreeGemasMac.release.xcconfig */,
			);
			name = Pods;
			sourceTree = "<group>";
		};
		BAA4874365FAF188381A6E87 /* Frameworks */ = {
			isa = PBXGroup;
			children = (
				FC437FCD03E6DBE0C7726E31 /* libPods-FreeGemas.a */,
				91F9C3DC86CD6179270B3B5C /* libPods-MobileFreeGemas.a */,
				D059DD0E24478DB8D465277F /* libPods-FreeGemasMac.a */,
			);
			name = Frameworks;
			sourceTree = "<group>";
		};
		D495F63A1B5CFE2A00632CBB = {
			isa = PBXGroup;
			children = (
				D495F6451B5CFE2A00632CBB /* FreeGemas */,
				D495F74D1B5D6B0900632CBB /* FreeGemasMac */,
				D495F6441B5CFE2A00632CBB /* Products */,
				196C4CD388C50A47688B3009 /* Pods */,
				BAA4874365FAF188381A6E87 /* Frameworks */,
			);
			sourceTree = "<group>";
		};
		D495F6441B5CFE2A00632CBB /* Products */ = {
			isa = PBXGroup;
			children = (
				D495F6431B5CFE2A00632CBB /* FreeGemasMac.app */,
				D495F74C1B5D6B0900632CBB /* FreeGemas.app */,
			);
			name = Products;
			sourceTree = "<group>";
		};
		D495F6451B5CFE2A00632CBB /* FreeGemas */ = {
			isa = PBXGroup;
			children = (
				D495F6B21B5CFEC800632CBB /* include */,
				D495F6D11B5CFEC800632CBB /* src */,
				D495F6461B5CFE2A00632CBB /* Supporting Files */,
				D495F7461B5D2B5B00632CBB /* media */,
				D4EA45E51F005212009B13D0 /* Images.xcassets */,
			);
			path = FreeGemas;
			sourceTree = "<group>";
		};
		D495F6461B5CFE2A00632CBB /* Supporting Files */ = {
			isa = PBXGroup;
			children = (
				D495F6471B5CFE2A00632CBB /* Info.plist */,
			);
			name = "Supporting Files";
			sourceTree = "<group>";
		};
		D495F6B21B5CFEC800632CBB /* include */ = {
			isa = PBXGroup;
			children = (
				D495F6B31B5CFEC800632CBB /* Animation.h */,
				D495F6B41B5CFEC800632CBB /* BaseButton.h */,
				D495F6B51B5CFEC800632CBB /* Board.h */,
				D495F6B61B5CFEC800632CBB /* Coord.h */,
				D495F6B71B5CFEC800632CBB /* FloatingScore.h */,
				D495F6B81B5CFEC800632CBB /* Game.h */,
				D495F6B91B5CFEC800632CBB /* GameBoard.h */,
				D495F6BA1B5CFEC800632CBB /* GameBoardSounds.h */,
				D495F6BB1B5CFEC800632CBB /* GameHint.h */,
				D495F6BC1B5CFEC800632CBB /* GameIndicators.h */,
				D495F6C31B5CFEC800632CBB /* inter.h */,
				D495F6C41B5CFEC800632CBB /* JewelGroupAnim.h */,
				D495F6C51B5CFEC800632CBB /* log.h */,
				D495F6C61B5CFEC800632CBB /* Match.h */,
				D495F6C71B5CFEC800632CBB /* MultipleMatch.h */,
				D495F6C81B5CFEC800632CBB /* ParticleSystem.h */,
				D495F6CA1B5CFEC800632CBB /* ScoreTable.h */,
				D495F6CB1B5CFEC800632CBB /* Square.h */,
				D495F6CC1B5CFEC800632CBB /* State.h */,
				D495F6CD1B5CFEC800632CBB /* StateGame.h */,
				D495F6CE1B5CFEC800632CBB /* StateHowToPlay.h */,
				D495F6CF1B5CFEC800632CBB /* StateMainMenu.h */,
			);
			name = include;
			path = ../../include;
			sourceTree = "<group>";
		};
		D495F6D11B5CFEC800632CBB /* src */ = {
			isa = PBXGroup;
			children = (
				D495F6D21B5CFEC800632CBB /* Animation.cpp */,
				D495F6D31B5CFEC800632CBB /* BaseButton.cpp */,
				D495F6D41B5CFEC800632CBB /* Board.cpp */,
				D495F6D51B5CFEC800632CBB /* Equations.cpp */,
				D495F6D61B5CFEC800632CBB /* Game.cpp */,
				D495F6D71B5CFEC800632CBB /* GameBoard.cpp */,
				D495F6D81B5CFEC800632CBB /* GameBoardSounds.cpp */,
				D495F6D91B5CFEC800632CBB /* GameHint.cpp */,
				D495F6DA1B5CFEC800632CBB /* GameIndicators.cpp */,
				D495F6E01B5CFEC800632CBB /* log.cpp */,
				D495F6E11B5CFEC800632CBB /* main.cpp */,
				D495F6E21B5CFEC800632CBB /* ScoreTable.cpp */,
				D495F6E31B5CFEC800632CBB /* State.cpp */,
				D495F6E41B5CFEC800632CBB /* StateGame.cpp */,
				D495F6E51B5CFEC800632CBB /* StateHowtoplay.cpp */,
				D495F6E61B5CFEC800632CBB /* StateMainMenu.cpp */,
				D495F7441B5D1B5F00632CBB /* inter.cpp */,
			);
			name = src;
			path = ../../src;
			sourceTree = "<group>";
		};
		D495F74D1B5D6B0900632CBB /* FreeGemasMac */ = {
			isa = PBXGroup;
			children = (
				D495F74E1B5D6B0A00632CBB /* Supporting Files */,
			);
			name = FreeGemasMac;
			path = MobileFreeGemas;
			sourceTree = "<group>";
		};
		D495F74E1B5D6B0A00632CBB /* Supporting Files */ = {
			isa = PBXGroup;
			children = (
				D4EA45E31F0051F0009B13D0 /* Info.plist */,
			);
			name = "Supporting Files";
			sourceTree = "<group>";
		};
/* End PBXGroup section */

/* Begin PBXNativeTarget section */
		D495F6421B5CFE2A00632CBB /* FreeGemasMac */ = {
			isa = PBXNativeTarget;
			buildConfigurationList = D495F6601B5CFE2A00632CBB /* Build configuration list for PBXNativeTarget "FreeGemasMac" */;
			buildPhases = (
				289C95E0537C70DADCC2DF99 /* [CP] Check Pods Manifest.lock */,
				D495F63F1B5CFE2A00632CBB /* Sources */,
				D495F6401B5CFE2A00632CBB /* Frameworks */,
				D495F6411B5CFE2A00632CBB /* Resources */,
				EB0F163AD633AC399D9EF50B /* [CP] Embed Pods Frameworks */,
				A0D30AF0057C3FC07B1F0388 /* [CP] Copy Pods Resources */,
			);
			buildRules = (
			);
			dependencies = (
			);
			name = FreeGemasMac;
			productName = FreeGemas;
			productReference = D495F6431B5CFE2A00632CBB /* FreeGemasMac.app */;
			productType = "com.apple.product-type.application";
		};
		D495F74B1B5D6B0900632CBB /* FreeGemas */ = {
			isa = PBXNativeTarget;
			buildConfigurationList = D495F76C1B5D6B0A00632CBB /* Build configuration list for PBXNativeTarget "FreeGemas" */;
			buildPhases = (
				9654DA1110935D5FD398D234 /* [CP] Check Pods Manifest.lock */,
				D495F7481B5D6B0900632CBB /* Sources */,
				D495F7491B5D6B0900632CBB /* Frameworks */,
				D495F74A1B5D6B0900632CBB /* Resources */,
				B07A82991A33FB35EE174781 /* [CP] Embed Pods Frameworks */,
				823B95171DE5D0BB96C08070 /* [CP] Copy Pods Resources */,
			);
			buildRules = (
			);
			dependencies = (
			);
			name = FreeGemas;
			productName = MobileFreeGemas;
			productReference = D495F74C1B5D6B0900632CBB /* FreeGemas.app */;
			productType = "com.apple.product-type.application";
		};
/* End PBXNativeTarget section */

/* Begin PBXProject section */
		D495F63B1B5CFE2A00632CBB /* Project object */ = {
			isa = PBXProject;
			attributes = {
				LastUpgradeCheck = 0830;
				ORGANIZATIONNAME = "Julian Raschke";
				TargetAttributes = {
					D495F6421B5CFE2A00632CBB = {
						CreatedOnToolsVersion = 6.4;
					};
					D495F74B1B5D6B0900632CBB = {
						CreatedOnToolsVersion = 6.4;
					};
				};
			};
			buildConfigurationList = D495F63E1B5CFE2A00632CBB /* Build configuration list for PBXProject "FreeGemas" */;
			compatibilityVersion = "Xcode 3.2";
			developmentRegion = English;
			hasScannedForEncodings = 0;
			knownRegions = (
				en,
				Base,
			);
			mainGroup = D495F63A1B5CFE2A00632CBB;
			productRefGroup = D495F6441B5CFE2A00632CBB /* Products */;
			projectDirPath = "";
			projectRoot = "";
			targets = (
				D495F6421B5CFE2A00632CBB /* FreeGemasMac */,
				D495F74B1B5D6B0900632CBB /* FreeGemas */,
			);
		};
/* End PBXProject section */

/* Begin PBXResourcesBuildPhase section */
		D495F6411B5CFE2A00632CBB /* Resources */ = {
			isa = PBXResourcesBuildPhase;
			buildActionMask = 2147483647;
			files = (
				D495F7471B5D2B5B00632CBB /* media in Resources */,
			);
			runOnlyForDeploymentPostprocessing = 0;
		};
		D495F74A1B5D6B0900632CBB /* Resources */ = {
			isa = PBXResourcesBuildPhase;
			buildActionMask = 2147483647;
			files = (
				D495F7831B5D6B1D00632CBB /* media in Resources */,
				D4EA45E61F005212009B13D0 /* Images.xcassets in Resources */,
			);
			runOnlyForDeploymentPostprocessing = 0;
		};
/* End PBXResourcesBuildPhase section */

/* Begin PBXShellScriptBuildPhase section */
		289C95E0537C70DADCC2DF99 /* [CP] Check Pods Manifest.lock */ = {
			isa = PBXShellScriptBuildPhase;
			buildActionMask = 2147483647;
			files = (
			);
			inputPaths = (
			);
			name = "[CP] Check Pods Manifest.lock";
			outputPaths = (
			);
			runOnlyForDeploymentPostprocessing = 0;
			shellPath = /bin/sh;
			shellScript = "diff \"${PODS_PODFILE_DIR_PATH}/Podfile.lock\" \"${PODS_ROOT}/Manifest.lock\" > /dev/null\nif [ $? != 0 ] ; then\n    # print error to STDERR\n    echo \"error: The sandbox is not in sync with the Podfile.lock. Run 'pod install' or update your CocoaPods installation.\" >&2\n    exit 1\nfi\n";
			showEnvVarsInLog = 0;
		};
		823B95171DE5D0BB96C08070 /* [CP] Copy Pods Resources */ = {
			isa = PBXShellScriptBuildPhase;
			buildActionMask = 2147483647;
			files = (
			);
			inputPaths = (
			);
			name = "[CP] Copy Pods Resources";
			outputPaths = (
			);
			runOnlyForDeploymentPostprocessing = 0;
			shellPath = /bin/sh;
			shellScript = "\"${SRCROOT}/Pods/Target Support Files/Pods-FreeGemas/Pods-FreeGemas-resources.sh\"\n";
			showEnvVarsInLog = 0;
		};
		9654DA1110935D5FD398D234 /* [CP] Check Pods Manifest.lock */ = {
			isa = PBXShellScriptBuildPhase;
			buildActionMask = 2147483647;
			files = (
			);
			inputPaths = (
			);
			name = "[CP] Check Pods Manifest.lock";
			outputPaths = (
			);
			runOnlyForDeploymentPostprocessing = 0;
			shellPath = /bin/sh;
			shellScript = "diff \"${PODS_PODFILE_DIR_PATH}/Podfile.lock\" \"${PODS_ROOT}/Manifest.lock\" > /dev/null\nif [ $? != 0 ] ; then\n    # print error to STDERR\n    echo \"error: The sandbox is not in sync with the Podfile.lock. Run 'pod install' or update your CocoaPods installation.\" >&2\n    exit 1\nfi\n";
			showEnvVarsInLog = 0;
		};
		A0D30AF0057C3FC07B1F0388 /* [CP] Copy Pods Resources */ = {
			isa = PBXShellScriptBuildPhase;
			buildActionMask = 2147483647;
			files = (
			);
			inputPaths = (
			);
			name = "[CP] Copy Pods Resources";
			outputPaths = (
			);
			runOnlyForDeploymentPostprocessing = 0;
			shellPath = /bin/sh;
			shellScript = "\"${SRCROOT}/Pods/Target Support Files/Pods-FreeGemasMac/Pods-FreeGemasMac-resources.sh\"\n";
			showEnvVarsInLog = 0;
		};
		B07A82991A33FB35EE174781 /* [CP] Embed Pods Frameworks */ = {
			isa = PBXShellScriptBuildPhase;
			buildActionMask = 2147483647;
			files = (
			);
			inputPaths = (
			);
			name = "[CP] Embed Pods Frameworks";
			outputPaths = (
			);
			runOnlyForDeploymentPostprocessing = 0;
			shellPath = /bin/sh;
			shellScript = "\"${SRCROOT}/Pods/Target Support Files/Pods-FreeGemas/Pods-FreeGemas-frameworks.sh\"\n";
			showEnvVarsInLog = 0;
		};
		EB0F163AD633AC399D9EF50B /* [CP] Embed Pods Frameworks */ = {
			isa = PBXShellScriptBuildPhase;
			buildActionMask = 2147483647;
			files = (
			);
			inputPaths = (
			);
			name = "[CP] Embed Pods Frameworks";
			outputPaths = (
			);
			runOnlyForDeploymentPostprocessing = 0;
			shellPath = /bin/sh;
			shellScript = "\"${SRCROOT}/Pods/Target Support Files/Pods-FreeGemasMac/Pods-FreeGemasMac-frameworks.sh\"\n";
			showEnvVarsInLog = 0;
		};
/* End PBXShellScriptBuildPhase section */

/* Begin PBXSourcesBuildPhase section */
		D495F63F1B5CFE2A00632CBB /* Sources */ = {
			isa = PBXSourcesBuildPhase;
			buildActionMask = 2147483647;
			files = (
				D495F6EA1B5CFEC800632CBB /* Board.cpp in Sources */,
				D495F6FA1B5CFEC800632CBB /* StateGame.cpp in Sources */,
				D495F6EE1B5CFEC800632CBB /* GameBoardSounds.cpp in Sources */,
				D495F6F61B5CFEC800632CBB /* log.cpp in Sources */,
				D495F6EF1B5CFEC800632CBB /* GameHint.cpp in Sources */,
				D495F7841B5D6B5E00632CBB /* main.cpp in Sources */,
				D495F6E91B5CFEC800632CBB /* BaseButton.cpp in Sources */,
				D495F6FC1B5CFEC800632CBB /* StateMainMenu.cpp in Sources */,
				D495F6EB1B5CFEC800632CBB /* Equations.cpp in Sources */,
				D495F7451B5D1B5F00632CBB /* inter.cpp in Sources */,
				D495F6FB1B5CFEC800632CBB /* StateHowtoplay.cpp in Sources */,
				D495F6F01B5CFEC800632CBB /* GameIndicators.cpp in Sources */,
				D495F6E81B5CFEC800632CBB /* Animation.cpp in Sources */,
				D495F6ED1B5CFEC800632CBB /* GameBoard.cpp in Sources */,
				D495F6F81B5CFEC800632CBB /* ScoreTable.cpp in Sources */,
				D495F6EC1B5CFEC800632CBB /* Game.cpp in Sources */,
				D495F6F91B5CFEC800632CBB /* State.cpp in Sources */,
			);
			runOnlyForDeploymentPostprocessing = 0;
		};
		D495F7481B5D6B0900632CBB /* Sources */ = {
			isa = PBXSourcesBuildPhase;
			buildActionMask = 2147483647;
			files = (
				D495F7791B5D6B1900632CBB /* GameHint.cpp in Sources */,
				D495F7741B5D6B1900632CBB /* Board.cpp in Sources */,
				D495F7761B5D6B1900632CBB /* Game.cpp in Sources */,
				D495F77A1B5D6B1900632CBB /* GameIndicators.cpp in Sources */,
				D495F77F1B5D6B1900632CBB /* StateGame.cpp in Sources */,
				D495F7851B5D6DBE00632CBB /* main.cpp in Sources */,
				D495F7781B5D6B1900632CBB /* GameBoardSounds.cpp in Sources */,
				D495F7731B5D6B1900632CBB /* BaseButton.cpp in Sources */,
				D495F7721B5D6B1900632CBB /* Animation.cpp in Sources */,
				D495F7801B5D6B1900632CBB /* StateHowtoplay.cpp in Sources */,
				D495F77E1B5D6B1900632CBB /* State.cpp in Sources */,
				D495F77D1B5D6B1900632CBB /* ScoreTable.cpp in Sources */,
				D495F77B1B5D6B1900632CBB /* log.cpp in Sources */,
				D495F7821B5D6B1900632CBB /* inter.cpp in Sources */,
				D495F7811B5D6B1900632CBB /* StateMainMenu.cpp in Sources */,
				D495F7771B5D6B1900632CBB /* GameBoard.cpp in Sources */,
				D495F7751B5D6B1900632CBB /* Equations.cpp in Sources */,
			);
			runOnlyForDeploymentPostprocessing = 0;
		};
/* End PBXSourcesBuildPhase section */

/* Begin XCBuildConfiguration section */
		D495F65E1B5CFE2A00632CBB /* Debug */ = {
			isa = XCBuildConfiguration;
			buildSettings = {
				ALWAYS_SEARCH_USER_PATHS = NO;
				CLANG_CXX_LANGUAGE_STANDARD = "gnu++0x";
				CLANG_CXX_LIBRARY = "libc++";
				CLANG_ENABLE_MODULES = YES;
				CLANG_ENABLE_OBJC_ARC = YES;
				CLANG_WARN_BOOL_CONVERSION = YES;
				CLANG_WARN_CONSTANT_CONVERSION = YES;
				CLANG_WARN_DIRECT_OBJC_ISA_USAGE = YES_ERROR;
				CLANG_WARN_EMPTY_BODY = YES;
				CLANG_WARN_ENUM_CONVERSION = YES;
				CLANG_WARN_INFINITE_RECURSION = YES;
				CLANG_WARN_INT_CONVERSION = YES;
				CLANG_WARN_OBJC_ROOT_CLASS = YES_ERROR;
				CLANG_WARN_SUSPICIOUS_MOVE = YES;
				CLANG_WARN_UNREACHABLE_CODE = YES;
				CLANG_WARN__DUPLICATE_METHOD_MATCH = YES;
				CODE_SIGN_IDENTITY = "-";
				COPY_PHASE_STRIP = NO;
				DEBUG_INFORMATION_FORMAT = dwarf;
				ENABLE_STRICT_OBJC_MSGSEND = YES;
				ENABLE_TESTABILITY = YES;
				GCC_C_LANGUAGE_STANDARD = gnu99;
				GCC_DYNAMIC_NO_PIC = NO;
				GCC_NO_COMMON_BLOCKS = YES;
				GCC_OPTIMIZATION_LEVEL = 0;
				GCC_PREPROCESSOR_DEFINITIONS = (
					"DEBUG=1",
					"$(inherited)",
				);
				GCC_SYMBOLS_PRIVATE_EXTERN = NO;
				GCC_WARN_64_TO_32_BIT_CONVERSION = YES;
				GCC_WARN_ABOUT_RETURN_TYPE = YES_ERROR;
				GCC_WARN_UNDECLARED_SELECTOR = YES;
				GCC_WARN_UNINITIALIZED_AUTOS = YES_AGGRESSIVE;
				GCC_WARN_UNUSED_FUNCTION = YES;
				GCC_WARN_UNUSED_VARIABLE = YES;
				IPHONEOS_DEPLOYMENT_TARGET = 9.3;
				MTL_ENABLE_DEBUG_INFO = YES;
				ONLY_ACTIVE_ARCH = YES;
				SDKROOT = macosx;
			};
			name = Debug;
		};
		D495F65F1B5CFE2A00632CBB /* Release */ = {
			isa = XCBuildConfiguration;
			buildSettings = {
				ALWAYS_SEARCH_USER_PATHS = NO;
				CLANG_CXX_LANGUAGE_STANDARD = "gnu++0x";
				CLANG_CXX_LIBRARY = "libc++";
				CLANG_ENABLE_MODULES = YES;
				CLANG_ENABLE_OBJC_ARC = YES;
				CLANG_WARN_BOOL_CONVERSION = YES;
				CLANG_WARN_CONSTANT_CONVERSION = YES;
				CLANG_WARN_DIRECT_OBJC_ISA_USAGE = YES_ERROR;
				CLANG_WARN_EMPTY_BODY = YES;
				CLANG_WARN_ENUM_CONVERSION = YES;
				CLANG_WARN_INFINITE_RECURSION = YES;
				CLANG_WARN_INT_CONVERSION = YES;
				CLANG_WARN_OBJC_ROOT_CLASS = YES_ERROR;
				CLANG_WARN_SUSPICIOUS_MOVE = YES;
				CLANG_WARN_UNREACHABLE_CODE = YES;
				CLANG_WARN__DUPLICATE_METHOD_MATCH = YES;
				CODE_SIGN_IDENTITY = "-";
				COPY_PHASE_STRIP = NO;
				DEBUG_INFORMATION_FORMAT = "dwarf-with-dsym";
				ENABLE_NS_ASSERTIONS = NO;
				ENABLE_STRICT_OBJC_MSGSEND = YES;
				GCC_C_LANGUAGE_STANDARD = gnu99;
				GCC_NO_COMMON_BLOCKS = YES;
				GCC_WARN_64_TO_32_BIT_CONVERSION = YES;
				GCC_WARN_ABOUT_RETURN_TYPE = YES_ERROR;
				GCC_WARN_UNDECLARED_SELECTOR = YES;
				GCC_WARN_UNINITIALIZED_AUTOS = YES_AGGRESSIVE;
				GCC_WARN_UNUSED_FUNCTION = YES;
				GCC_WARN_UNUSED_VARIABLE = YES;
				IPHONEOS_DEPLOYMENT_TARGET = 9.3;
				MTL_ENABLE_DEBUG_INFO = NO;
				SDKROOT = macosx;
			};
			name = Release;
		};
		D495F6611B5CFE2A00632CBB /* Debug */ = {
			isa = XCBuildConfiguration;
			baseConfigurationReference = 79749DA607A16994E37571A3 /* Pods-FreeGemasMac.debug.xcconfig */;
			buildSettings = {
				ASSETCATALOG_COMPILER_APPICON_NAME = AppIcon;
				COMBINE_HIDPI_IMAGES = YES;
				INFOPLIST_FILE = "$(PRODUCT_NAME)/Info.plist";
				PRODUCT_BUNDLE_IDENTIFIER = "com.github.jlnr.$(PRODUCT_NAME:rfc1034identifier)";
				PRODUCT_NAME = "$(TARGET_NAME)";
			};
			name = Debug;
		};
		D495F6621B5CFE2A00632CBB /* Release */ = {
			isa = XCBuildConfiguration;
			baseConfigurationReference = DA19A242D0D2149F43327B3D /* Pods-FreeGemasMac.release.xcconfig */;
			buildSettings = {
				ASSETCATALOG_COMPILER_APPICON_NAME = AppIcon;
				COMBINE_HIDPI_IMAGES = YES;
				INFOPLIST_FILE = "$(PRODUCT_NAME)/Info.plist";
				PRODUCT_BUNDLE_IDENTIFIER = "com.github.jlnr.$(PRODUCT_NAME:rfc1034identifier)";
				PRODUCT_NAME = "$(TARGET_NAME)";
			};
			name = Release;
		};
		D495F76D1B5D6B0A00632CBB /* Debug */ = {
			isa = XCBuildConfiguration;
			baseConfigurationReference = 374C5333DB36E207A0E11D18 /* Pods-FreeGemas.debug.xcconfig */;
			buildSettings = {
				ASSETCATALOG_COMPILER_APPICON_NAME = AppIcon;
				ASSETCATALOG_COMPILER_LAUNCHIMAGE_NAME = LaunchImage;
				"CODE_SIGN_IDENTITY[sdk=iphoneos*]" = "iPhone Developer";
				DEBUG_INFORMATION_FORMAT = "dwarf-with-dsym";
				GCC_PREPROCESSOR_DEFINITIONS = (
					"DEBUG=1",
					"$(inherited)",
				);
				INFOPLIST_FILE = "$(PRODUCT_NAME)/Info.plist";
				PRODUCT_BUNDLE_IDENTIFIER = "com.github.jlnr.$(PRODUCT_NAME:rfc1034identifier)";
				PRODUCT_NAME = "$(TARGET_NAME)";
				SDKROOT = iphoneos;
				TARGETED_DEVICE_FAMILY = 2;
			};
			name = Debug;
		};
		D495F76E1B5D6B0A00632CBB /* Release */ = {
			isa = XCBuildConfiguration;
			baseConfigurationReference = 0B35A1F31E7D3BE6A0E7F2A6 /* Pods-FreeGemas.release.xcconfig */;
			buildSettings = {
				ASSETCATALOG_COMPILER_APPICON_NAME = AppIcon;
				ASSETCATALOG_COMPILER_LAUNCHIMAGE_NAME = LaunchImage;
				"CODE_SIGN_IDENTITY[sdk=iphoneos*]" = "iPhone Developer";
				INFOPLIST_FILE = "$(PRODUCT_NAME)/Info.plist";
				PRODUCT_BUNDLE_IDENTIFIER = "com.github.jlnr.$(PRODUCT_NAME:rfc1034identifier)";
				PRODUCT_NAME = "$(TARGET_NAME)";
				SDKROOT = iphoneos;
				TARGETED_DEVICE_FAMILY = 2;
				VALIDATE_PRODUCT = YES;
			};
			name = Release;
		};
/* End XCBuildConfiguration section */

/* Begin XCConfigurationList section */
		D495F63E1B5CFE2A00632CBB /* Build configuration list for PBXProject "FreeGemas" */ = {
			isa = XCConfigurationList;
			buildConfigurations = (
				D495F65E1B5CFE2A00632CBB /* Debug */,
				D495F65F1B5CFE2A00632CBB /* Release */,
			);
			defaultConfigurationIsVisible = 0;
			defaultConfigurationName = Release;
		};
		D495F6601B5CFE2A00632CBB /* Build configuration list for PBXNativeTarget "FreeGemasMac" */ = {
			isa = XCConfigurationList;
			buildConfigurations = (
				D495F6611B5CFE2A00632CBB /* Debug */,
				D495F6621B5CFE2A00632CBB /* Release */,
			);
			defaultConfigurationIsVisible = 0;
			defaultConfigurationName = Release;
		};
		D495F76C1B5D6B0A00632CBB /* Build configuration list for PBXNativeTarget "FreeGemas" */ = {
			isa = XCConfigurationList;
			buildConfigurations = (
				D495F76D1B5D6B0A00632CBB /* Debug */,
				D495F76E1B5D6B0A00632CBB /* Release */,
			);
			defaultConfigurationIsVisible = 0;
			defaultConfigurationName = Release;
		};
/* End XCConfigurationList section */
	};
	rootObject = D495F63B1B5CFE2A00632CBB /* Project object */;
}
