PODS:
  - Gosu/Gosu (0.12.0)
  - Gosu/GosuAppDelegateMain (0.12.0):
    - Gosu/Gosu

DEPENDENCIES:
  - Gosu/Gosu (from `../../Gosu/Gosu`)
  - Gosu/GosuAppDelegateMain (from `../../Gosu/Gosu`)

EXTERNAL SOURCES:
  Gosu:
    :path: ../../Gosu/Gosu

SPEC CHECKSUMS:
  Gosu: db79e166207acf2285ab86b87dc709ecec8fcd6e

PODFILE CHECKSUM: a7039f9a647322f5935efcfd8fda73bf9e4f7644

COCOAPODS: 1.2.1
